
Microsoft Visual Studio Solution File, Format Version 12.00
# Visual Studio 15
VisualStudioVersion = 15.0.27130.2024
MinimumVisualStudioVersion = 10.0.40219.1
Project("{FAE04EC0-301F-11D3-BF4B-00C04F79EFBC}") = "S2M.Scentbird", "S2M.Scentbird\S2M.Scentbird.csproj", "{4398C36C-C302-4B65-8E3F-5FD6D07F5FD6}"
EndProject
Global
	GlobalSection(SolutionConfigurationPlatforms) = preSolution
		Debug|Any CPU = Debug|Any CPU
		Release|Any CPU = Release|Any CPU
	EndGlobalSection
	GlobalSection(ProjectConfigurationPlatforms) = postSolution
		{4398C36C-C302-4B65-8E3F-5FD6D07F5FD6}.Debug|Any CPU.ActiveCfg = Debug|Any CPU
		{4398C36C-C302-4B65-8E3F-5FD6D07F5FD6}.Debug|Any CPU.Build.0 = Debug|Any CPU
		{4398C36C-C302-4B65-8E3F-5FD6D07F5FD6}.Debug|Any CPU.Deploy.0 = Debug|Any CPU
		{4398C36C-C302-4B65-8E3F-5FD6D07F5FD6}.Release|Any CPU.ActiveCfg = Release|Any CPU
		{4398C36C-C302-4B65-8E3F-5FD6D07F5FD6}.Release|Any CPU.Build.0 = Release|Any CPU
		{4398C36C-C302-4B65-8E3F-5FD6D07F5FD6}.Release|Any CPU.Deploy.0 = Release|Any CPU
	EndGlobalSection
	GlobalSection(SolutionProperties) = preSolution
		HideSolutionNode = FALSE
	EndGlobalSection
	GlobalSection(ExtensibilityGlobals) = postSolution
		SolutionGuid = {0D6A93DC-496C-4FB6-9912-00ED2B5564AD}
	EndGlobalSection
EndGlobal
